
Microsoft Visual Studio Solution File, Format Version 12.00
# Visual Studio 2013
VisualStudioVersion = 12.0.21005.1
MinimumVisualStudioVersion = 10.0.40219.1
Project("{FAE04EC0-301F-11D3-BF4B-00C04F79EFBC}") = "AppFilmes", "AppFilmes\AppFilmes.csproj", "{E8A80F01-17D4-45F1-8199-8C95743009C1}"
EndProject
Project("{2150E333-8FDC-42A3-9474-1A3956D46DE8}") = "0 - Presentation", "0 - Presentation", "{D99A9792-CC35-489F-8279-CAD7010243D9}"
EndProject
Project("{2150E333-8FDC-42A3-9474-1A3956D46DE8}") = "4 - Infra", "4 - Infra", "{C57A94CB-AA5F-407C-9ADF-CCD61916ED44}"
EndProject
Project("{2150E333-8FDC-42A3-9474-1A3956D46DE8}") = "4.1 - Data", "4.1 - Data", "{D20EA95A-4A39-4C64-B54A-F9585D3A0A92}"
EndProject
Project("{FAE04EC0-301F-11D3-BF4B-00C04F79EFBC}") = "AppFilmes.Infra.Data", "AppFilmes.Infra.Data\AppFilmes.Infra.Data.csproj", "{4068C865-40BC-4E38-B621-5FB22A017B98}"
EndProject
Project("{2150E333-8FDC-42A3-9474-1A3956D46DE8}") = "Script SQL", "Script SQL", "{2A0A6B33-A0B8-40D7-901B-B10487894993}"
EndProject
Global
	GlobalSection(SolutionConfigurationPlatforms) = preSolution
		Debug|Any CPU = Debug|Any CPU
		Debug|ARM = Debug|ARM
		Debug|x64 = Debug|x64
		Debug|x86 = Debug|x86
		Release|Any CPU = Release|Any CPU
		Release|ARM = Release|ARM
		Release|x64 = Release|x64
		Release|x86 = Release|x86
	EndGlobalSection
	GlobalSection(ProjectConfigurationPlatforms) = postSolution
		{E8A80F01-17D4-45F1-8199-8C95743009C1}.Debug|Any CPU.ActiveCfg = Debug|Any CPU
		{E8A80F01-17D4-45F1-8199-8C95743009C1}.Debug|Any CPU.Build.0 = Debug|Any CPU
		{E8A80F01-17D4-45F1-8199-8C95743009C1}.Debug|ARM.ActiveCfg = Debug|Any CPU
		{E8A80F01-17D4-45F1-8199-8C95743009C1}.Debug|x64.ActiveCfg = Debug|Any CPU
		{E8A80F01-17D4-45F1-8199-8C95743009C1}.Debug|x86.ActiveCfg = Debug|Any CPU
		{E8A80F01-17D4-45F1-8199-8C95743009C1}.Release|Any CPU.ActiveCfg = Release|Any CPU
		{E8A80F01-17D4-45F1-8199-8C95743009C1}.Release|Any CPU.Build.0 = Release|Any CPU
		{E8A80F01-17D4-45F1-8199-8C95743009C1}.Release|ARM.ActiveCfg = Release|Any CPU
		{E8A80F01-17D4-45F1-8199-8C95743009C1}.Release|x64.ActiveCfg = Release|Any CPU
		{E8A80F01-17D4-45F1-8199-8C95743009C1}.Release|x86.ActiveCfg = Release|Any CPU
		{4068C865-40BC-4E38-B621-5FB22A017B98}.Debug|Any CPU.ActiveCfg = Debug|Any CPU
		{4068C865-40BC-4E38-B621-5FB22A017B98}.Debug|Any CPU.Build.0 = Debug|Any CPU
		{4068C865-40BC-4E38-B621-5FB22A017B98}.Debug|ARM.ActiveCfg = Debug|Any CPU
		{4068C865-40BC-4E38-B621-5FB22A017B98}.Debug|x64.ActiveCfg = Debug|Any CPU
		{4068C865-40BC-4E38-B621-5FB22A017B98}.Debug|x86.ActiveCfg = Debug|Any CPU
		{4068C865-40BC-4E38-B621-5FB22A017B98}.Release|Any CPU.ActiveCfg = Release|Any CPU
		{4068C865-40BC-4E38-B621-5FB22A017B98}.Release|Any CPU.Build.0 = Release|Any CPU
		{4068C865-40BC-4E38-B621-5FB22A017B98}.Release|ARM.ActiveCfg = Release|Any CPU
		{4068C865-40BC-4E38-B621-5FB22A017B98}.Release|x64.ActiveCfg = Release|Any CPU
		{4068C865-40BC-4E38-B621-5FB22A017B98}.Release|x86.ActiveCfg = Release|Any CPU
	EndGlobalSection
	GlobalSection(SolutionProperties) = preSolution
		HideSolutionNode = FALSE
	EndGlobalSection
	GlobalSection(NestedProjects) = preSolution
		{E8A80F01-17D4-45F1-8199-8C95743009C1} = {D99A9792-CC35-489F-8279-CAD7010243D9}
		{D20EA95A-4A39-4C64-B54A-F9585D3A0A92} = {C57A94CB-AA5F-407C-9ADF-CCD61916ED44}
		{2A0A6B33-A0B8-40D7-901B-B10487894993} = {C57A94CB-AA5F-407C-9ADF-CCD61916ED44}
		{4068C865-40BC-4E38-B621-5FB22A017B98} = {D20EA95A-4A39-4C64-B54A-F9585D3A0A92}
	EndGlobalSection
EndGlobal
